
Microsoft Visual Studio Solution File, Format Version 12.00
# Visual Studio Version 16
VisualStudioVersion = 16.0.32228.343
MinimumVisualStudioVersion = 10.0.40219.1
Project("{FAE04EC0-301F-11D3-BF4B-00C04F79EFBC}") = "ModeloDatos", "ModeloDatos\ModeloDatos.csproj", "{EEB8147A-3CC7-4B4B-A789-728BC479BC02}"
EndProject
Project("{FAE04EC0-301F-11D3-BF4B-00C04F79EFBC}") = "ModeloNegocio", "ModeloNegocio\ModeloNegocio.csproj", "{43B2BFC0-D023-4DF7-AB33-81A9C687A56C}"
EndProject
Project("{FAE04EC0-301F-11D3-BF4B-00C04F79EFBC}") = "PROJ_OHIO", "PROJ_OHIO\PROJ_OHIO.csproj", "{EFDF9CE3-58E4-46CB-9A3C-C7CB06EB70EB}"
EndProject
Global
	GlobalSection(SolutionConfigurationPlatforms) = preSolution
		Debug|Any CPU = Debug|Any CPU
		Release|Any CPU = Release|Any CPU
	EndGlobalSection
	GlobalSection(ProjectConfigurationPlatforms) = postSolution
		{EEB8147A-3CC7-4B4B-A789-728BC479BC02}.Debug|Any CPU.ActiveCfg = Debug|Any CPU
		{EEB8147A-3CC7-4B4B-A789-728BC479BC02}.Debug|Any CPU.Build.0 = Debug|Any CPU
		{EEB8147A-3CC7-4B4B-A789-728BC479BC02}.Release|Any CPU.ActiveCfg = Release|Any CPU
		{EEB8147A-3CC7-4B4B-A789-728BC479BC02}.Release|Any CPU.Build.0 = Release|Any CPU
		{43B2BFC0-D023-4DF7-AB33-81A9C687A56C}.Debug|Any CPU.ActiveCfg = Debug|Any CPU
		{43B2BFC0-D023-4DF7-AB33-81A9C687A56C}.Debug|Any CPU.Build.0 = Debug|Any CPU
		{43B2BFC0-D023-4DF7-AB33-81A9C687A56C}.Release|Any CPU.ActiveCfg = Release|Any CPU
		{43B2BFC0-D023-4DF7-AB33-81A9C687A56C}.Release|Any CPU.Build.0 = Release|Any CPU
		{EFDF9CE3-58E4-46CB-9A3C-C7CB06EB70EB}.Debug|Any CPU.ActiveCfg = Debug|Any CPU
		{EFDF9CE3-58E4-46CB-9A3C-C7CB06EB70EB}.Debug|Any CPU.Build.0 = Debug|Any CPU
		{EFDF9CE3-58E4-46CB-9A3C-C7CB06EB70EB}.Release|Any CPU.ActiveCfg = Release|Any CPU
		{EFDF9CE3-58E4-46CB-9A3C-C7CB06EB70EB}.Release|Any CPU.Build.0 = Release|Any CPU
	EndGlobalSection
	GlobalSection(SolutionProperties) = preSolution
		HideSolutionNode = FALSE
	EndGlobalSection
	GlobalSection(ExtensibilityGlobals) = postSolution
		SolutionGuid = {E677B259-EFCB-4975-98C5-D0A0AA98F965}
	EndGlobalSection
EndGlobal
